
Microsoft Visual Studio Solution File, Format Version 12.00
# Visual Studio 15
VisualStudioVersion = 15.0.26730.12
MinimumVisualStudioVersion = 10.0.40219.1
Project("{9A19103F-16F7-4668-BE54-9A1E7A4F7556}") = "VTPL_ERP", "VTPL_ERP\VTPL_ERP.csproj", "{6A23E998-DE84-434F-9248-720E646104F8}"
EndProject
Project("{FAE04EC0-301F-11D3-BF4B-00C04F79EFBC}") = "ERP.DAL", "ERP.DAL\ERP.DAL.csproj", "{C648F4C8-F9B1-4BDC-AB13-9BA32B2DB79E}"
EndProject
Global
	GlobalSection(SolutionConfigurationPlatforms) = preSolution
		Debug|Any CPU = Debug|Any CPU
		Release|Any CPU = Release|Any CPU
	EndGlobalSection
	GlobalSection(ProjectConfigurationPlatforms) = postSolution
		{6A23E998-DE84-434F-9248-720E646104F8}.Debug|Any CPU.ActiveCfg = Debug|Any CPU
		{6A23E998-DE84-434F-9248-720E646104F8}.Debug|Any CPU.Build.0 = Debug|Any CPU
		{6A23E998-DE84-434F-9248-720E646104F8}.Release|Any CPU.ActiveCfg = Release|Any CPU
		{6A23E998-DE84-434F-9248-720E646104F8}.Release|Any CPU.Build.0 = Release|Any CPU
		{C648F4C8-F9B1-4BDC-AB13-9BA32B2DB79E}.Debug|Any CPU.ActiveCfg = Debug|Any CPU
		{C648F4C8-F9B1-4BDC-AB13-9BA32B2DB79E}.Debug|Any CPU.Build.0 = Debug|Any CPU
		{C648F4C8-F9B1-4BDC-AB13-9BA32B2DB79E}.Release|Any CPU.ActiveCfg = Release|Any CPU
		{C648F4C8-F9B1-4BDC-AB13-9BA32B2DB79E}.Release|Any CPU.Build.0 = Release|Any CPU
	EndGlobalSection
	GlobalSection(SolutionProperties) = preSolution
		HideSolutionNode = FALSE
	EndGlobalSection
	GlobalSection(ExtensibilityGlobals) = postSolution
		SolutionGuid = {8B1247E3-7516-4BA7-8C27-E94CC4409D5E}
	EndGlobalSection
EndGlobal
